{
    "_meta": {
        "hash": {
            "sha256": "0c041d867de82412e246ea21f7e0e37ee2826050f897876c272055427e8e9468"
        },
        "pipfile-spec": 6,
        "requires": {
            "python_version": "3.12"
        },
        "sources": [
            {
                "name": "pypi",
                "url": "https://pypi.org/simple",
                "verify_ssl": true
            }
        ]
    },
    "default": {
        "faker": {
            "hashes": [
                "sha256:48c94daa16a432f2d2bc803c7ff602509699fca228d13e97e379cd860a7e216e",
                "sha256:77b79e7a2228d57175133af0bbcdd26dc623df81db390ee52f5104d46c010f2f"
            ],
            "index": "pypi",
            "markers": "python_version >= '3.9'",
            "version": "==37.3.0"
        },
        "tzdata": {
            "hashes": [
                "sha256:1a403fada01ff9221ca8044d701868fa132215d84beb92242d9acd2147f667a8",
                "sha256:b60a638fcc0daffadf82fe0f57e53d06bdec2f36c4df66280ae79bce6bd6f2b9"
            ],
            "markers": "python_version >= '2'",
            "version": "==2025.2"
        }
    },
    "develop": {}
}
